<?xml version="1.0" encoding="utf-8"?>
<Project ToolsVersion="4.0" xmlns="http://schemas.microsoft.com/developer/msbuild/2003">
  <ItemGroup>
    <Filter Include="Source Files">
      <UniqueIdentifier>{4FC737F1-C7A5-4376-A066-2A32D752A2FF}</UniqueIdentifier>
      <Extensions>cpp;c;cc;cxx;c++;cppm;ixx;def;odl;idl;hpj;bat;asm;asmx</Extensions>
    </Filter>
    <Filter Include="Header Files">
      <UniqueIdentifier>{93995380-89BD-4b04-88EB-625FBE52EBFB}</UniqueIdentifier>
      <Extensions>h;hh;hpp;hxx;h++;hm;inl;inc;ipp;xsd</Extensions>
    </Filter>
    <Filter Include="Resource Files">
      <UniqueIdentifier>{67DA6AB6-F800-4c08-8B7A-83BB121AAD01}</UniqueIdentifier>
      <Extensions>rc;ico;cur;bmp;dlg;rc2;rct;bin;rgs;gif;jpg;jpeg;jpe;resx;tiff;tif;png;wav;mfcribbon-ms</Extensions>
    </Filter>
  </ItemGroup>
  <ItemGroup>
    <ClCompile Include="main.cpp">
      <Filter>Source Files</Filter>
    </ClCompile>
    <ClCompile Include="GraphicsFunctions\Intro\intro.cpp">
      <Filter>Source Files</Filter>
    </ClCompile>
    <ClCompile Include="GraphicsFunctions\Menus\menu.cpp">
      <Filter>Source Files</Filter>
    </ClCompile>
    <ClCompile Include="GraphicsFunctions\Menus\arenaFighterMenu.cpp">
      <Filter>Source Files</Filter>
    </ClCompile>
    <ClCompile Include="ArenaFighter\arenaFighterMain.cpp">
      <Filter>Source Files</Filter>
    </ClCompile>
    <ClCompile Include="ConnectionFunctions\serverConnection.cpp">
      <Filter>Source Files</Filter>
    </ClCompile>
    <ClCompile Include="GraphicsFunctions\Menus\button.cpp">
      <Filter>Source Files</Filter>
    </ClCompile>
    <ClCompile Include="Entities\entity.cpp">
      <Filter>Source Files</Filter>
    </ClCompile>
    <ClCompile Include="Entities\Characters\Classes\archetype.cpp">
      <Filter>Source Files</Filter>
    </ClCompile>
    <ClCompile Include="Entities\Characters\Classes\paladin.cpp">
      <Filter>Source Files</Filter>
    </ClCompile>
    <ClCompile Include="CharacterCreator\characterCreator.cpp">
      <Filter>Source Files</Filter>
    </ClCompile>
    <ClCompile Include="Entities\Characters\character.cpp">
      <Filter>Source Files</Filter>
    </ClCompile>
    <ClCompile Include="Behavior\Player\playerBehavior.cpp">
      <Filter>Source Files</Filter>
    </ClCompile>
    <ClCompile Include="Items\item.cpp">
      <Filter>Source Files</Filter>
    </ClCompile>
    <ClCompile Include="Items\Weapons\weapon.cpp">
      <Filter>Source Files</Filter>
    </ClCompile>
    <ClCompile Include="GraphicsFunctions\drawable\drawable.cpp">
      <Filter>Source Files</Filter>
    </ClCompile>
    <ClCompile Include="Entities\Characters\inventory.cpp">
      <Filter>Source Files</Filter>
    </ClCompile>
    <ClCompile Include="Entities\Enemies\enemy.cpp">
      <Filter>Source Files</Filter>
    </ClCompile>
    <ClCompile Include="GraphicsFunctions\gameOutcomes.cpp">
      <Filter>Source Files</Filter>
    </ClCompile>
    <ClCompile Include="GraphicsFunctions\Menus\arenaFighterTeamsMenu.cpp">
      <Filter>Source Files</Filter>
    </ClCompile>
    <ClCompile Include="ArenaFighterTeams\arenaFighterTeamsMain.cpp">
      <Filter>Source Files</Filter>
    </ClCompile>
    <ClCompile Include="GraphicsFunctions\Maze\node.cpp">
      <Filter>Source Files</Filter>
    </ClCompile>
    <ClCompile Include="GraphicsFunctions\Maze\mazeGraph.cpp">
      <Filter>Source Files</Filter>
    </ClCompile>
    <ClCompile Include="GraphicsFunctions\Maze\cell.cpp">
      <Filter>Source Files</Filter>
    </ClCompile>
    <ClCompile Include="GraphicsFunctions\Maze\mazeFuncs.cpp">
      <Filter>Source Files</Filter>
    </ClCompile>
    <ClCompile Include="testFolder(Temp)\clientTest.cpp">
      <Filter>Source Files</Filter>
    </ClCompile>
    <ClCompile Include="Server\lobby.cpp">
      <Filter>Source Files</Filter>
    </ClCompile>
    <ClCompile Include="Server\serverMain.cpp">
      <Filter>Source Files</Filter>
    </ClCompile>
    <ClCompile Include="Server\player.cpp">
      <Filter>Source Files</Filter>
    </ClCompile>
    <ClCompile Include="Server\packetOverrides.cpp">
      <Filter>Source Files</Filter>
    </ClCompile>
  </ItemGroup>
  <ItemGroup>
    <ClInclude Include="GraphicsFunctions\Intro\intro.h">
      <Filter>Header Files</Filter>
    </ClInclude>
    <ClInclude Include="GraphicsFunctions\Menus\menu.h">
      <Filter>Header Files</Filter>
    </ClInclude>
    <ClInclude Include="GraphicsFunctions\Menus\arenaFighterMenu.h">
      <Filter>Header Files</Filter>
    </ClInclude>
    <ClInclude Include="ArenaFighter\arenaFighterMain.h">
      <Filter>Header Files</Filter>
    </ClInclude>
    <ClInclude Include="ConnectionFunctions\serverConnection.h">
      <Filter>Header Files</Filter>
    </ClInclude>
    <ClInclude Include="GraphicsFunctions\Menus\button.h">
      <Filter>Header Files</Filter>
    </ClInclude>
    <ClInclude Include="Entities\entity.h">
      <Filter>Header Files</Filter>
    </ClInclude>
    <ClInclude Include="Entities\Characters\Races\race.h">
      <Filter>Header Files</Filter>
    </ClInclude>
    <ClInclude Include="Entities\Characters\inventory.h">
      <Filter>Header Files</Filter>
    </ClInclude>
    <ClInclude Include="Entities\Characters\abilityScoresEnum.h">
      <Filter>Header Files</Filter>
    </ClInclude>
    <ClInclude Include="Entities\Characters\Classes\archetype.h">
      <Filter>Header Files</Filter>
    </ClInclude>
    <ClInclude Include="Entities\Characters\Races\dwarf.h">
      <Filter>Header Files</Filter>
    </ClInclude>
    <ClInclude Include="Entities\Characters\Classes\paladin.h">
      <Filter>Header Files</Filter>
    </ClInclude>
    <ClInclude Include="CharacterCreator\characterCreator.h">
      <Filter>Header Files</Filter>
    </ClInclude>
    <ClInclude Include="Entities\Characters\Races\raceIncluder.h">
      <Filter>Header Files</Filter>
    </ClInclude>
    <ClInclude Include="Entities\Characters\Classes\classIncluder.h">
      <Filter>Header Files</Filter>
    </ClInclude>
    <ClInclude Include="Entities\Characters\character.h">
      <Filter>Header Files</Filter>
    </ClInclude>
    <ClInclude Include="GraphicsFunctions\Colours\colourConsts.h">
      <Filter>Header Files</Filter>
    </ClInclude>
    <ClInclude Include="Behavior\Player\playerBehavior.h">
      <Filter>Header Files</Filter>
    </ClInclude>
    <ClInclude Include="Items\item.h">
      <Filter>Header Files</Filter>
    </ClInclude>
    <ClInclude Include="Items\Weapons\weapon.h">
      <Filter>Header Files</Filter>
    </ClInclude>
    <ClInclude Include="Items\itemTemplates.h">
      <Filter>Header Files</Filter>
    </ClInclude>
    <ClInclude Include="Items\Weapons\weaponTemplates.h">
      <Filter>Header Files</Filter>
    </ClInclude>
    <ClInclude Include="GraphicsFunctions\drawable\drawable.h">
      <Filter>Header Files</Filter>
    </ClInclude>
    <ClInclude Include="Entities\Enemies\enemy.h">
      <Filter>Header Files</Filter>
    </ClInclude>
    <ClInclude Include="Entities\Enemies\enemyTemplates.h">
      <Filter>Header Files</Filter>
    </ClInclude>
    <ClInclude Include="GraphicsFunctions\gameOutcomes.h">
      <Filter>Header Files</Filter>
    </ClInclude>
    <ClInclude Include="ArenaFighterTeams\arenaFighterTeamsMain.h">
      <Filter>Header Files</Filter>
    </ClInclude>
    <ClInclude Include="GraphicsFunctions\Menus\arenaFighterTeamsMenu.h">
      <Filter>Header Files</Filter>
    </ClInclude>
    <ClInclude Include="GraphicsFunctions\Maze\node.h">
      <Filter>Header Files</Filter>
    </ClInclude>
    <ClInclude Include="GraphicsFunctions\Maze\mazeGraph.h">
      <Filter>Header Files</Filter>
    </ClInclude>
    <ClInclude Include="GraphicsFunctions\Maze\cell.h">
      <Filter>Header Files</Filter>
    </ClInclude>
    <ClInclude Include="GraphicsFunctions\Maze\mazeFuncs.h">
      <Filter>Header Files</Filter>
    </ClInclude>
    <ClInclude Include="testFolder(Temp)\clientTest.h">
      <Filter>Header Files</Filter>
    </ClInclude>
    <ClInclude Include="Server\lobby.h">
      <Filter>Header Files</Filter>
    </ClInclude>
    <ClInclude Include="Server\player.h">
      <Filter>Header Files</Filter>
    </ClInclude>
    <ClInclude Include="Server\serverMain.h">
      <Filter>Header Files</Filter>
    </ClInclude>
    <ClInclude Include="Server\packetOverrides.h">
      <Filter>Header Files</Filter>
    </ClInclude>
  </ItemGroup>
</Project>