<?xml version="1.0" encoding="utf-8"?>
<Project ToolsVersion="4.0" xmlns="http://schemas.microsoft.com/developer/msbuild/2003">
  <ItemGroup>
    <Filter Include="Source Files">
      <UniqueIdentifier>{4FC737F1-C7A5-4376-A066-2A32D752A2FF}</UniqueIdentifier>
      <Extensions>cpp;c;cc;cxx;c++;cppm;ixx;def;odl;idl;hpj;bat;asm;asmx</Extensions>
    </Filter>
    <Filter Include="Header Files">
      <UniqueIdentifier>{93995380-89BD-4b04-88EB-625FBE52EBFB}</UniqueIdentifier>
      <Extensions>h;hh;hpp;hxx;h++;hm;inl;inc;ipp;xsd</Extensions>
    </Filter>
    <Filter Include="Resource Files">
      <UniqueIdentifier>{67DA6AB6-F800-4c08-8B7A-83BB121AAD01}</UniqueIdentifier>
      <Extensions>rc;ico;cur;bmp;dlg;rc2;rct;bin;rgs;gif;jpg;jpeg;jpe;resx;tiff;tif;png;wav;mfcribbon-ms</Extensions>
    </Filter>
  </ItemGroup>
  <ItemGroup>
    <ClCompile Include="main.cpp">
      <Filter>Source Files</Filter>
    </ClCompile>
    <ClCompile Include="GraphicsFunctions\Intro\intro.cpp">
      <Filter>Source Files</Filter>
    </ClCompile>
    <ClCompile Include="DungeonCrawler\dungeonCrawlerMain.cpp">
      <Filter>Source Files</Filter>
    </ClCompile>
    <ClCompile Include="GraphicsFunctions\Menus\menu.cpp">
      <Filter>Source Files</Filter>
    </ClCompile>
    <ClCompile Include="GraphicsFunctions\Menus\dungeonCrawlerMenu.cpp">
      <Filter>Source Files</Filter>
    </ClCompile>
    <ClCompile Include="GraphicsFunctions\Menus\arenaFighterMenu.cpp">
      <Filter>Source Files</Filter>
    </ClCompile>
    <ClCompile Include="ArenaFighter\arenaFighterMain.cpp">
      <Filter>Source Files</Filter>
    </ClCompile>
    <ClCompile Include="ConnectionFunctions\serverConnection.cpp">
      <Filter>Source Files</Filter>
    </ClCompile>
    <ClCompile Include="GraphicsFunctions\Menus\button.cpp">
      <Filter>Source Files</Filter>
    </ClCompile>
    <ClCompile Include="Entities\entity.cpp">
      <Filter>Source Files</Filter>
    </ClCompile>
    <ClCompile Include="Entities\Characters\inventory.cpp">
      <Filter>Source Files</Filter>
    </ClCompile>
    <ClCompile Include="Entities\Characters\Classes\archetype.cpp">
      <Filter>Source Files</Filter>
    </ClCompile>
    <ClCompile Include="Entities\Characters\Classes\paladin.cpp">
      <Filter>Source Files</Filter>
    </ClCompile>
  </ItemGroup>
  <ItemGroup>
    <ClInclude Include="GraphicsFunctions\Intro\intro.h">
      <Filter>Header Files</Filter>
    </ClInclude>
    <ClInclude Include="colourConsts.h">
      <Filter>Header Files</Filter>
    </ClInclude>
    <ClInclude Include="DungeonCrawler\dungeonCrawlerMain.h">
      <Filter>Header Files</Filter>
    </ClInclude>
    <ClInclude Include="GraphicsFunctions\Menus\dungeonCrawlerMenu.h">
      <Filter>Header Files</Filter>
    </ClInclude>
    <ClInclude Include="GraphicsFunctions\Menus\menu.h">
      <Filter>Header Files</Filter>
    </ClInclude>
    <ClInclude Include="GraphicsFunctions\Menus\arenaFighterMenu.h">
      <Filter>Header Files</Filter>
    </ClInclude>
    <ClInclude Include="ArenaFighter\arenaFighterMain.h">
      <Filter>Header Files</Filter>
    </ClInclude>
    <ClInclude Include="ConnectionFunctions\serverConnection.h">
      <Filter>Header Files</Filter>
    </ClInclude>
    <ClInclude Include="GraphicsFunctions\Menus\button.h">
      <Filter>Header Files</Filter>
    </ClInclude>
    <ClInclude Include="Entities\entity.h">
      <Filter>Header Files</Filter>
    </ClInclude>
    <ClInclude Include="Entities\Characters\Races\race.h">
      <Filter>Header Files</Filter>
    </ClInclude>
    <ClInclude Include="Entities\Characters\inventory.h">
      <Filter>Header Files</Filter>
    </ClInclude>
    <ClInclude Include="Entities\Characters\abilityScoresEnum.h">
      <Filter>Header Files</Filter>
    </ClInclude>
    <ClInclude Include="Entities\Characters\Classes\archetype.h">
      <Filter>Header Files</Filter>
    </ClInclude>
    <ClInclude Include="Entities\Characters\Races\dwarf.h">
      <Filter>Header Files</Filter>
    </ClInclude>
    <ClInclude Include="Entities\Characters\Classes\paladin.h">
      <Filter>Header Files</Filter>
    </ClInclude>
  </ItemGroup>
</Project>